
Microsoft Visual Studio Solution File, Format Version 12.00
# Visual Studio Version 17
VisualStudioVersion = 17.3.32929.385
MinimumVisualStudioVersion = 10.0.40219.1
Project("{FAE04EC0-301F-11D3-BF4B-00C04F79EFBC}") = "otus-hw-35", "otus-hw-35.csproj", "{F4FE9F7A-F325-489C-9805-DC9B2E9FEB7E}"
EndProject
Global
	GlobalSection(SolutionConfigurationPlatforms) = preSolution
		Debug|Any CPU = Debug|Any CPU
		Release|Any CPU = Release|Any CPU
	EndGlobalSection
	GlobalSection(ProjectConfigurationPlatforms) = postSolution
		{F4FE9F7A-F325-489C-9805-DC9B2E9FEB7E}.Debug|Any CPU.ActiveCfg = Debug|Any CPU
		{F4FE9F7A-F325-489C-9805-DC9B2E9FEB7E}.Debug|Any CPU.Build.0 = Debug|Any CPU
		{F4FE9F7A-F325-489C-9805-DC9B2E9FEB7E}.Release|Any CPU.ActiveCfg = Release|Any CPU
		{F4FE9F7A-F325-489C-9805-DC9B2E9FEB7E}.Release|Any CPU.Build.0 = Release|Any CPU
	EndGlobalSection
	GlobalSection(SolutionProperties) = preSolution
		HideSolutionNode = FALSE
	EndGlobalSection
	GlobalSection(ExtensibilityGlobals) = postSolution
		SolutionGuid = {E1690E3E-4ED3-4D34-AB4A-699D87AB0F52}
	EndGlobalSection
EndGlobal
